{
    "_readme": [
        "This file locks the dependencies of your project to a known state",
        "Read more about it at https://getcomposer.org/doc/01-basic-usage.md#composer-lock-the-lock-file",
        "This file is @generated automatically"
    ],
    "hash": "fe60e9e781077e3e13f9136fd10f1a23",
    "content-hash": "b2bc808e1ac2bb57da4fbb560f8f1b6d",
    "packages": [
        {
            "name": "php-mqtt/client",
            "version": "v0.2.1",
            "source": {
                "type": "git",
                "url": "https://github.com/php-mqtt/client.git",
                "reference": "79b3b9917c5087b99c42e804f8e3e9ff327086aa"
            },
            "dist": {
                "type": "zip",
                "url": "https://api.github.com/repos/php-mqtt/client/zipball/79b3b9917c5087b99c42e804f8e3e9ff327086aa",
                "reference": "79b3b9917c5087b99c42e804f8e3e9ff327086aa",
                "shasum": ""
            },
            "require": {
                "php": "^7.2",
                "psr/log": "^1.1"
            },
            "require-dev": {
                "phpunit/php-invoker": "^3.0",
                "phpunit/phpunit": "^8.0",
                "squizlabs/php_codesniffer": "^3.5"
            },
            "type": "library",
            "autoload": {
                "psr-4": {
                    "PhpMqtt\\Client\\": "src"
                }
            },
            "notification-url": "https://packagist.org/downloads/",
            "license": [
                "MIT"
            ],
            "authors": [
                {
                    "name": "Namoshek",
                    "email": "namoshek@gmx.at",
                    "role": "developer"
                }
            ],
            "description": "An MQTT client written in and for PHP.",
            "keywords": [
                "client",
                "mqtt",
                "publish",
                "subscribe"
            ],
            "time": "2020-08-19 12:19:46"
        },
        {
            "name": "psr/log",
            "version": "1.1.3",
            "source": {
                "type": "git",
                "url": "https://github.com/php-fig/log.git",
                "reference": "0f73288fd15629204f9d42b7055f72dacbe811fc"
            },
            "dist": {
                "type": "zip",
                "url": "https://api.github.com/repos/php-fig/log/zipball/0f73288fd15629204f9d42b7055f72dacbe811fc",
                "reference": "0f73288fd15629204f9d42b7055f72dacbe811fc",
                "shasum": ""
            },
            "require": {
                "php": ">=5.3.0"
            },
            "type": "library",
            "extra": {
                "branch-alias": {
                    "dev-master": "1.1.x-dev"
                }
            },
            "autoload": {
                "psr-4": {
                    "Psr\\Log\\": "Psr/Log/"
                }
            },
            "notification-url": "https://packagist.org/downloads/",
            "license": [
                "MIT"
            ],
            "authors": [
                {
                    "name": "PHP-FIG",
                    "homepage": "http://www.php-fig.org/"
                }
            ],
            "description": "Common interface for logging libraries",
            "homepage": "https://github.com/php-fig/log",
            "keywords": [
                "log",
                "psr",
                "psr-3"
            ],
            "time": "2020-03-23 09:12:05"
        }
    ],
    "packages-dev": [],
    "aliases": [],
    "minimum-stability": "stable",
    "stability-flags": [],
    "prefer-stable": false,
    "prefer-lowest": false,
    "platform": [],
    "platform-dev": []
}
